{
  "name": "OSRS-RAG BOT",
  "lockfileVersion": 3,
  "requires": true,
  "packages": {
    "": {
      "dependencies": {
        "@dava96/osrs-wiki-bucket-builder": "^1.0.12"
      }
    },
    "node_modules/@dava96/osrs-wiki-bucket-builder": {
      "version": "1.0.12",
      "resolved": "https://registry.npmjs.org/@dava96/osrs-wiki-bucket-builder/-/osrs-wiki-bucket-builder-1.0.12.tgz",
      "integrity": "sha512-jKP+AgzJNqIOdPRLMX/v7xCl47+u9MntrmqpkDFDoGWrL43YjTVKdPC9/5YCotZhjVeq0S9fpx8GK5Eypi38ow==",
      "license": "MIT"
    }
  }
}
